// !$*UTF8*$!
{
	archiveVersion = 1;
	classes = {
	};
	objectVersion = 56;
	objects = {

/* Begin PBXBuildFile section */
		400C55352BCD66F30070B1A4 /* toDoListApp.swift in Sources */ = {isa = PBXBuildFile; fileRef = 400C55342BCD66F30070B1A4 /* toDoListApp.swift */; };
		400C55372BCD66F30070B1A4 /* MainView.swift in Sources */ = {isa = PBXBuildFile; fileRef = 400C55362BCD66F30070B1A4 /* MainView.swift */; };
		400C55392BCD66F50070B1A4 /* Assets.xcassets in Resources */ = {isa = PBXBuildFile; fileRef = 400C55382BCD66F50070B1A4 /* Assets.xcassets */; };
		400C553C2BCD66F50070B1A4 /* Preview Assets.xcassets in Resources */ = {isa = PBXBuildFile; fileRef = 400C553B2BCD66F50070B1A4 /* Preview Assets.xcassets */; };
		400C55462BCD66F50070B1A4 /* toDoListTests.swift in Sources */ = {isa = PBXBuildFile; fileRef = 400C55452BCD66F50070B1A4 /* toDoListTests.swift */; };
		400C55502BCD66F50070B1A4 /* toDoListUITests.swift in Sources */ = {isa = PBXBuildFile; fileRef = 400C554F2BCD66F50070B1A4 /* toDoListUITests.swift */; };
		400C55522BCD66F50070B1A4 /* toDoListUITestsLaunchTests.swift in Sources */ = {isa = PBXBuildFile; fileRef = 400C55512BCD66F50070B1A4 /* toDoListUITestsLaunchTests.swift */; };
		400C55602BCD6BA10070B1A4 /* FirebaseAuth in Frameworks */ = {isa = PBXBuildFile; productRef = 400C555F2BCD6BA10070B1A4 /* FirebaseAuth */; };
		400C55622BCD6BA10070B1A4 /* FirebaseFirestore in Frameworks */ = {isa = PBXBuildFile; productRef = 400C55612BCD6BA10070B1A4 /* FirebaseFirestore */; };
		400C55642BCD6BA10070B1A4 /* FirebaseFirestoreSwift in Frameworks */ = {isa = PBXBuildFile; productRef = 400C55632BCD6BA10070B1A4 /* FirebaseFirestoreSwift */; };
		400C55662BCD6D290070B1A4 /* GoogleService-Info.plist in Resources */ = {isa = PBXBuildFile; fileRef = 400C55652BCD6D290070B1A4 /* GoogleService-Info.plist */; };
		400C556C2BCD71D90070B1A4 /* ToDoListView.swift in Sources */ = {isa = PBXBuildFile; fileRef = 400C556B2BCD71D90070B1A4 /* ToDoListView.swift */; };
		400C556E2BCD720C0070B1A4 /* NewItemView.swift in Sources */ = {isa = PBXBuildFile; fileRef = 400C556D2BCD720C0070B1A4 /* NewItemView.swift */; };
		400C55702BCD72270070B1A4 /* LoginView.swift in Sources */ = {isa = PBXBuildFile; fileRef = 400C556F2BCD72270070B1A4 /* LoginView.swift */; };
		400C55722BCD724A0070B1A4 /* RegisterView.swift in Sources */ = {isa = PBXBuildFile; fileRef = 400C55712BCD724A0070B1A4 /* RegisterView.swift */; };
		400C55742BCD731E0070B1A4 /* ToDoListitemsView.swift in Sources */ = {isa = PBXBuildFile; fileRef = 400C55732BCD731E0070B1A4 /* ToDoListitemsView.swift */; };
		400C55762BCD734F0070B1A4 /* User.swift in Sources */ = {isa = PBXBuildFile; fileRef = 400C55752BCD734F0070B1A4 /* User.swift */; };
		400C557A2BCD73AD0070B1A4 /* ProfileView.swift in Sources */ = {isa = PBXBuildFile; fileRef = 400C55792BCD73AD0070B1A4 /* ProfileView.swift */; };
		400C557C2BCD73DB0070B1A4 /* ProfileViewViewModel.swift in Sources */ = {isa = PBXBuildFile; fileRef = 400C557B2BCD73DB0070B1A4 /* ProfileViewViewModel.swift */; };
		400C557E2BCD73F90070B1A4 /* LoginViewViewModel.swift in Sources */ = {isa = PBXBuildFile; fileRef = 400C557D2BCD73F90070B1A4 /* LoginViewViewModel.swift */; };
		400C55802BCD741F0070B1A4 /* RegisterViewViewModel.swift in Sources */ = {isa = PBXBuildFile; fileRef = 400C557F2BCD741F0070B1A4 /* RegisterViewViewModel.swift */; };
		400C55822BCDE4D70070B1A4 /* Extensions.swift in Sources */ = {isa = PBXBuildFile; fileRef = 400C55812BCDE4D70070B1A4 /* Extensions.swift */; };
		400C55842BCDE9F80070B1A4 /* MainViewViewModel.swift in Sources */ = {isa = PBXBuildFile; fileRef = 400C55832BCDE9F80070B1A4 /* MainViewViewModel.swift */; };
		409B8D2D2BCECEB400DE3A04 /* ToDoListViewViewModel.swift in Sources */ = {isa = PBXBuildFile; fileRef = 409B8D2C2BCECEB400DE3A04 /* ToDoListViewViewModel.swift */; };
		409B8D2F2BCECFF900DE3A04 /* NewItemViewViewModel.swift in Sources */ = {isa = PBXBuildFile; fileRef = 409B8D2E2BCECFF900DE3A04 /* NewItemViewViewModel.swift */; };
		409B8D332BD0210D00DE3A04 /* ToDoListItem.swift in Sources */ = {isa = PBXBuildFile; fileRef = 409B8D322BD0210D00DE3A04 /* ToDoListItem.swift */; };
		409B8D352BD1758200DE3A04 /* ToDoListitemsViewViewModel.swift in Sources */ = {isa = PBXBuildFile; fileRef = 409B8D342BD1758200DE3A04 /* ToDoListitemsViewViewModel.swift */; };
/* End PBXBuildFile section */

/* Begin PBXContainerItemProxy section */
		400C55422BCD66F50070B1A4 /* PBXContainerItemProxy */ = {
			isa = PBXContainerItemProxy;
			containerPortal = 400C55292BCD66F30070B1A4 /* Project object */;
			proxyType = 1;
			remoteGlobalIDString = 400C55302BCD66F30070B1A4;
			remoteInfo = toDoList;
		};
		400C554C2BCD66F50070B1A4 /* PBXContainerItemProxy */ = {
			isa = PBXContainerItemProxy;
			containerPortal = 400C55292BCD66F30070B1A4 /* Project object */;
			proxyType = 1;
			remoteGlobalIDString = 400C55302BCD66F30070B1A4;
			remoteInfo = toDoList;
		};
/* End PBXContainerItemProxy section */

/* Begin PBXFileReference section */
		400C55312BCD66F30070B1A4 /* toDoList.app */ = {isa = PBXFileReference; explicitFileType = wrapper.application; includeInIndex = 0; path = toDoList.app; sourceTree = BUILT_PRODUCTS_DIR; };
		400C55342BCD66F30070B1A4 /* toDoListApp.swift */ = {isa = PBXFileReference; lastKnownFileType = sourcecode.swift; path = toDoListApp.swift; sourceTree = "<group>"; };
		400C55362BCD66F30070B1A4 /* MainView.swift */ = {isa = PBXFileReference; lastKnownFileType = sourcecode.swift; path = MainView.swift; sourceTree = "<group>"; };
		400C55382BCD66F50070B1A4 /* Assets.xcassets */ = {isa = PBXFileReference; lastKnownFileType = folder.assetcatalog; path = Assets.xcassets; sourceTree = "<group>"; };
		400C553B2BCD66F50070B1A4 /* Preview Assets.xcassets */ = {isa = PBXFileReference; lastKnownFileType = folder.assetcatalog; path = "Preview Assets.xcassets"; sourceTree = "<group>"; };
		400C55412BCD66F50070B1A4 /* toDoListTests.xctest */ = {isa = PBXFileReference; explicitFileType = wrapper.cfbundle; includeInIndex = 0; path = toDoListTests.xctest; sourceTree = BUILT_PRODUCTS_DIR; };
		400C55452BCD66F50070B1A4 /* toDoListTests.swift */ = {isa = PBXFileReference; lastKnownFileType = sourcecode.swift; path = toDoListTests.swift; sourceTree = "<group>"; };
		400C554B2BCD66F50070B1A4 /* toDoListUITests.xctest */ = {isa = PBXFileReference; explicitFileType = wrapper.cfbundle; includeInIndex = 0; path = toDoListUITests.xctest; sourceTree = BUILT_PRODUCTS_DIR; };
		400C554F2BCD66F50070B1A4 /* toDoListUITests.swift */ = {isa = PBXFileReference; lastKnownFileType = sourcecode.swift; path = toDoListUITests.swift; sourceTree = "<group>"; };
		400C55512BCD66F50070B1A4 /* toDoListUITestsLaunchTests.swift */ = {isa = PBXFileReference; lastKnownFileType = sourcecode.swift; path = toDoListUITestsLaunchTests.swift; sourceTree = "<group>"; };
		400C55652BCD6D290070B1A4 /* GoogleService-Info.plist */ = {isa = PBXFileReference; fileEncoding = 4; lastKnownFileType = text.plist.xml; path = "GoogleService-Info.plist"; sourceTree = "<group>"; };
		400C556B2BCD71D90070B1A4 /* ToDoListView.swift */ = {isa = PBXFileReference; lastKnownFileType = sourcecode.swift; path = ToDoListView.swift; sourceTree = "<group>"; };
		400C556D2BCD720C0070B1A4 /* NewItemView.swift */ = {isa = PBXFileReference; lastKnownFileType = sourcecode.swift; path = NewItemView.swift; sourceTree = "<group>"; };
		400C556F2BCD72270070B1A4 /* LoginView.swift */ = {isa = PBXFileReference; lastKnownFileType = sourcecode.swift; path = LoginView.swift; sourceTree = "<group>"; };
		400C55712BCD724A0070B1A4 /* RegisterView.swift */ = {isa = PBXFileReference; lastKnownFileType = sourcecode.swift; path = RegisterView.swift; sourceTree = "<group>"; };
		400C55732BCD731E0070B1A4 /* ToDoListitemsView.swift */ = {isa = PBXFileReference; lastKnownFileType = sourcecode.swift; path = ToDoListitemsView.swift; sourceTree = "<group>"; };
		400C55752BCD734F0070B1A4 /* User.swift */ = {isa = PBXFileReference; lastKnownFileType = sourcecode.swift; path = User.swift; sourceTree = "<group>"; };
		400C55792BCD73AD0070B1A4 /* ProfileView.swift */ = {isa = PBXFileReference; lastKnownFileType = sourcecode.swift; path = ProfileView.swift; sourceTree = "<group>"; };
		400C557B2BCD73DB0070B1A4 /* ProfileViewViewModel.swift */ = {isa = PBXFileReference; lastKnownFileType = sourcecode.swift; path = ProfileViewViewModel.swift; sourceTree = "<group>"; };
		400C557D2BCD73F90070B1A4 /* LoginViewViewModel.swift */ = {isa = PBXFileReference; lastKnownFileType = sourcecode.swift; path = LoginViewViewModel.swift; sourceTree = "<group>"; };
		400C557F2BCD741F0070B1A4 /* RegisterViewViewModel.swift */ = {isa = PBXFileReference; lastKnownFileType = sourcecode.swift; path = RegisterViewViewModel.swift; sourceTree = "<group>"; };
		400C55812BCDE4D70070B1A4 /* Extensions.swift */ = {isa = PBXFileReference; lastKnownFileType = sourcecode.swift; path = Extensions.swift; sourceTree = "<group>"; };
		400C55832BCDE9F80070B1A4 /* MainViewViewModel.swift */ = {isa = PBXFileReference; lastKnownFileType = sourcecode.swift; path = MainViewViewModel.swift; sourceTree = "<group>"; };
		409B8D2C2BCECEB400DE3A04 /* ToDoListViewViewModel.swift */ = {isa = PBXFileReference; lastKnownFileType = sourcecode.swift; path = ToDoListViewViewModel.swift; sourceTree = "<group>"; };
		409B8D2E2BCECFF900DE3A04 /* NewItemViewViewModel.swift */ = {isa = PBXFileReference; lastKnownFileType = sourcecode.swift; path = NewItemViewViewModel.swift; sourceTree = "<group>"; };
		409B8D322BD0210D00DE3A04 /* ToDoListItem.swift */ = {isa = PBXFileReference; lastKnownFileType = sourcecode.swift; path = ToDoListItem.swift; sourceTree = "<group>"; };
		409B8D342BD1758200DE3A04 /* ToDoListitemsViewViewModel.swift */ = {isa = PBXFileReference; lastKnownFileType = sourcecode.swift; path = ToDoListitemsViewViewModel.swift; sourceTree = "<group>"; };
/* End PBXFileReference section */

/* Begin PBXFrameworksBuildPhase section */
		400C552E2BCD66F30070B1A4 /* Frameworks */ = {
			isa = PBXFrameworksBuildPhase;
			buildActionMask = 2147483647;
			files = (
				400C55602BCD6BA10070B1A4 /* FirebaseAuth in Frameworks */,
				400C55622BCD6BA10070B1A4 /* FirebaseFirestore in Frameworks */,
				400C55642BCD6BA10070B1A4 /* FirebaseFirestoreSwift in Frameworks */,
			);
			runOnlyForDeploymentPostprocessing = 0;
		};
		400C553E2BCD66F50070B1A4 /* Frameworks */ = {
			isa = PBXFrameworksBuildPhase;
			buildActionMask = 2147483647;
			files = (
			);
			runOnlyForDeploymentPostprocessing = 0;
		};
		400C55482BCD66F50070B1A4 /* Frameworks */ = {
			isa = PBXFrameworksBuildPhase;
			buildActionMask = 2147483647;
			files = (
			);
			runOnlyForDeploymentPostprocessing = 0;
		};
/* End PBXFrameworksBuildPhase section */

/* Begin PBXGroup section */
		400C55282BCD66F30070B1A4 = {
			isa = PBXGroup;
			children = (
				400C55332BCD66F30070B1A4 /* toDoList */,
				400C55442BCD66F50070B1A4 /* toDoListTests */,
				400C554E2BCD66F50070B1A4 /* toDoListUITests */,
				400C55322BCD66F30070B1A4 /* Products */,
			);
			sourceTree = "<group>";
		};
		400C55322BCD66F30070B1A4 /* Products */ = {
			isa = PBXGroup;
			children = (
				400C55312BCD66F30070B1A4 /* toDoList.app */,
				400C55412BCD66F50070B1A4 /* toDoListTests.xctest */,
				400C554B2BCD66F50070B1A4 /* toDoListUITests.xctest */,
			);
			name = Products;
			sourceTree = "<group>";
		};
		400C55332BCD66F30070B1A4 /* toDoList */ = {
			isa = PBXGroup;
			children = (
				400C556A2BCD70400070B1A4 /* Other */,
				400C55692BCD701B0070B1A4 /* Models */,
				400C55682BCD700F0070B1A4 /* ViewModels */,
				400C55672BCD70030070B1A4 /* Views */,
				400C55342BCD66F30070B1A4 /* toDoListApp.swift */,
				400C55382BCD66F50070B1A4 /* Assets.xcassets */,
				400C553A2BCD66F50070B1A4 /* Preview Content */,
			);
			path = toDoList;
			sourceTree = "<group>";
		};
		400C553A2BCD66F50070B1A4 /* Preview Content */ = {
			isa = PBXGroup;
			children = (
				400C553B2BCD66F50070B1A4 /* Preview Assets.xcassets */,
			);
			path = "Preview Content";
			sourceTree = "<group>";
		};
		400C55442BCD66F50070B1A4 /* toDoListTests */ = {
			isa = PBXGroup;
			children = (
				400C55452BCD66F50070B1A4 /* toDoListTests.swift */,
			);
			path = toDoListTests;
			sourceTree = "<group>";
		};
		400C554E2BCD66F50070B1A4 /* toDoListUITests */ = {
			isa = PBXGroup;
			children = (
				400C554F2BCD66F50070B1A4 /* toDoListUITests.swift */,
				400C55512BCD66F50070B1A4 /* toDoListUITestsLaunchTests.swift */,
			);
			path = toDoListUITests;
			sourceTree = "<group>";
		};
		400C55672BCD70030070B1A4 /* Views */ = {
			isa = PBXGroup;
			children = (
				400C55362BCD66F30070B1A4 /* MainView.swift */,
				400C556B2BCD71D90070B1A4 /* ToDoListView.swift */,
				400C55732BCD731E0070B1A4 /* ToDoListitemsView.swift */,
				400C556D2BCD720C0070B1A4 /* NewItemView.swift */,
				400C55792BCD73AD0070B1A4 /* ProfileView.swift */,
				400C556F2BCD72270070B1A4 /* LoginView.swift */,
				400C55712BCD724A0070B1A4 /* RegisterView.swift */,
			);
			path = Views;
			sourceTree = "<group>";
		};
		400C55682BCD700F0070B1A4 /* ViewModels */ = {
			isa = PBXGroup;
			children = (
				400C557B2BCD73DB0070B1A4 /* ProfileViewViewModel.swift */,
				409B8D2C2BCECEB400DE3A04 /* ToDoListViewViewModel.swift */,
				409B8D342BD1758200DE3A04 /* ToDoListitemsViewViewModel.swift */,
				400C557D2BCD73F90070B1A4 /* LoginViewViewModel.swift */,
				409B8D2E2BCECFF900DE3A04 /* NewItemViewViewModel.swift */,
				400C557F2BCD741F0070B1A4 /* RegisterViewViewModel.swift */,
				400C55832BCDE9F80070B1A4 /* MainViewViewModel.swift */,
			);
			path = ViewModels;
			sourceTree = "<group>";
		};
		400C55692BCD701B0070B1A4 /* Models */ = {
			isa = PBXGroup;
			children = (
				400C55752BCD734F0070B1A4 /* User.swift */,
				409B8D322BD0210D00DE3A04 /* ToDoListItem.swift */,
			);
			path = Models;
			sourceTree = "<group>";
		};
		400C556A2BCD70400070B1A4 /* Other */ = {
			isa = PBXGroup;
			children = (
				400C55652BCD6D290070B1A4 /* GoogleService-Info.plist */,
				400C55812BCDE4D70070B1A4 /* Extensions.swift */,
			);
			path = Other;
			sourceTree = "<group>";
		};
/* End PBXGroup section */

/* Begin PBXNativeTarget section */
		400C55302BCD66F30070B1A4 /* toDoList */ = {
			isa = PBXNativeTarget;
			buildConfigurationList = 400C55552BCD66F50070B1A4 /* Build configuration list for PBXNativeTarget "toDoList" */;
			buildPhases = (
				400C552D2BCD66F30070B1A4 /* Sources */,
				400C552E2BCD66F30070B1A4 /* Frameworks */,
				400C552F2BCD66F30070B1A4 /* Resources */,
			);
			buildRules = (
			);
			dependencies = (
			);
			name = toDoList;
			packageProductDependencies = (
				400C555F2BCD6BA10070B1A4 /* FirebaseAuth */,
				400C55612BCD6BA10070B1A4 /* FirebaseFirestore */,
				400C55632BCD6BA10070B1A4 /* FirebaseFirestoreSwift */,
			);
			productName = toDoList;
			productReference = 400C55312BCD66F30070B1A4 /* toDoList.app */;
			productType = "com.apple.product-type.application";
		};
		400C55402BCD66F50070B1A4 /* toDoListTests */ = {
			isa = PBXNativeTarget;
			buildConfigurationList = 400C55582BCD66F50070B1A4 /* Build configuration list for PBXNativeTarget "toDoListTests" */;
			buildPhases = (
				400C553D2BCD66F50070B1A4 /* Sources */,
				400C553E2BCD66F50070B1A4 /* Frameworks */,
				400C553F2BCD66F50070B1A4 /* Resources */,
			);
			buildRules = (
			);
			dependencies = (
				400C55432BCD66F50070B1A4 /* PBXTargetDependency */,
			);
			name = toDoListTests;
			productName = toDoListTests;
			productReference = 400C55412BCD66F50070B1A4 /* toDoListTests.xctest */;
			productType = "com.apple.product-type.bundle.unit-test";
		};
		400C554A2BCD66F50070B1A4 /* toDoListUITests */ = {
			isa = PBXNativeTarget;
			buildConfigurationList = 400C555B2BCD66F50070B1A4 /* Build configuration list for PBXNativeTarget "toDoListUITests" */;
			buildPhases = (
				400C55472BCD66F50070B1A4 /* Sources */,
				400C55482BCD66F50070B1A4 /* Frameworks */,
				400C55492BCD66F50070B1A4 /* Resources */,
			);
			buildRules = (
			);
			dependencies = (
				400C554D2BCD66F50070B1A4 /* PBXTargetDependency */,
			);
			name = toDoListUITests;
			productName = toDoListUITests;
			productReference = 400C554B2BCD66F50070B1A4 /* toDoListUITests.xctest */;
			productType = "com.apple.product-type.bundle.ui-testing";
		};
/* End PBXNativeTarget section */

/* Begin PBXProject section */
		400C55292BCD66F30070B1A4 /* Project object */ = {
			isa = PBXProject;
			attributes = {
				BuildIndependentTargetsInParallel = 1;
				LastSwiftUpdateCheck = 1530;
				LastUpgradeCheck = 1530;
				TargetAttributes = {
					400C55302BCD66F30070B1A4 = {
						CreatedOnToolsVersion = 15.3;
					};
					400C55402BCD66F50070B1A4 = {
						CreatedOnToolsVersion = 15.3;
						TestTargetID = 400C55302BCD66F30070B1A4;
					};
					400C554A2BCD66F50070B1A4 = {
						CreatedOnToolsVersion = 15.3;
						TestTargetID = 400C55302BCD66F30070B1A4;
					};
				};
			};
			buildConfigurationList = 400C552C2BCD66F30070B1A4 /* Build configuration list for PBXProject "toDoList" */;
			compatibilityVersion = "Xcode 14.0";
			developmentRegion = en;
			hasScannedForEncodings = 0;
			knownRegions = (
				en,
				Base,
			);
			mainGroup = 400C55282BCD66F30070B1A4;
			packageReferences = (
				400C555E2BCD6BA10070B1A4 /* XCRemoteSwiftPackageReference "firebase-ios-sdk" */,
			);
			productRefGroup = 400C55322BCD66F30070B1A4 /* Products */;
			projectDirPath = "";
			projectRoot = "";
			targets = (
				400C55302BCD66F30070B1A4 /* toDoList */,
				400C55402BCD66F50070B1A4 /* toDoListTests */,
				400C554A2BCD66F50070B1A4 /* toDoListUITests */,
			);
		};
/* End PBXProject section */

/* Begin PBXResourcesBuildPhase section */
		400C552F2BCD66F30070B1A4 /* Resources */ = {
			isa = PBXResourcesBuildPhase;
			buildActionMask = 2147483647;
			files = (
				400C553C2BCD66F50070B1A4 /* Preview Assets.xcassets in Resources */,
				400C55392BCD66F50070B1A4 /* Assets.xcassets in Resources */,
				400C55662BCD6D290070B1A4 /* GoogleService-Info.plist in Resources */,
			);
			runOnlyForDeploymentPostprocessing = 0;
		};
		400C553F2BCD66F50070B1A4 /* Resources */ = {
			isa = PBXResourcesBuildPhase;
			buildActionMask = 2147483647;
			files = (
			);
			runOnlyForDeploymentPostprocessing = 0;
		};
		400C55492BCD66F50070B1A4 /* Resources */ = {
			isa = PBXResourcesBuildPhase;
			buildActionMask = 2147483647;
			files = (
			);
			runOnlyForDeploymentPostprocessing = 0;
		};
/* End PBXResourcesBuildPhase section */

/* Begin PBXSourcesBuildPhase section */
		400C552D2BCD66F30070B1A4 /* Sources */ = {
			isa = PBXSourcesBuildPhase;
			buildActionMask = 2147483647;
			files = (
				400C556E2BCD720C0070B1A4 /* NewItemView.swift in Sources */,
				400C557A2BCD73AD0070B1A4 /* ProfileView.swift in Sources */,
				409B8D352BD1758200DE3A04 /* ToDoListitemsViewViewModel.swift in Sources */,
				400C55372BCD66F30070B1A4 /* MainView.swift in Sources */,
				400C556C2BCD71D90070B1A4 /* ToDoListView.swift in Sources */,
				409B8D2D2BCECEB400DE3A04 /* ToDoListViewViewModel.swift in Sources */,
				409B8D2F2BCECFF900DE3A04 /* NewItemViewViewModel.swift in Sources */,
				400C55722BCD724A0070B1A4 /* RegisterView.swift in Sources */,
				400C55762BCD734F0070B1A4 /* User.swift in Sources */,
				400C55802BCD741F0070B1A4 /* RegisterViewViewModel.swift in Sources */,
				400C55842BCDE9F80070B1A4 /* MainViewViewModel.swift in Sources */,
				400C557E2BCD73F90070B1A4 /* LoginViewViewModel.swift in Sources */,
				409B8D332BD0210D00DE3A04 /* ToDoListItem.swift in Sources */,
				400C557C2BCD73DB0070B1A4 /* ProfileViewViewModel.swift in Sources */,
				400C55702BCD72270070B1A4 /* LoginView.swift in Sources */,
				400C55742BCD731E0070B1A4 /* ToDoListitemsView.swift in Sources */,
				400C55352BCD66F30070B1A4 /* toDoListApp.swift in Sources */,
				400C55822BCDE4D70070B1A4 /* Extensions.swift in Sources */,
			);
			runOnlyForDeploymentPostprocessing = 0;
		};
		400C553D2BCD66F50070B1A4 /* Sources */ = {
			isa = PBXSourcesBuildPhase;
			buildActionMask = 2147483647;
			files = (
				400C55462BCD66F50070B1A4 /* toDoListTests.swift in Sources */,
			);
			runOnlyForDeploymentPostprocessing = 0;
		};
		400C55472BCD66F50070B1A4 /* Sources */ = {
			isa = PBXSourcesBuildPhase;
			buildActionMask = 2147483647;
			files = (
				400C55522BCD66F50070B1A4 /* toDoListUITestsLaunchTests.swift in Sources */,
				400C55502BCD66F50070B1A4 /* toDoListUITests.swift in Sources */,
			);
			runOnlyForDeploymentPostprocessing = 0;
		};
/* End PBXSourcesBuildPhase section */

/* Begin PBXTargetDependency section */
		400C55432BCD66F50070B1A4 /* PBXTargetDependency */ = {
			isa = PBXTargetDependency;
			target = 400C55302BCD66F30070B1A4 /* toDoList */;
			targetProxy = 400C55422BCD66F50070B1A4 /* PBXContainerItemProxy */;
		};
		400C554D2BCD66F50070B1A4 /* PBXTargetDependency */ = {
			isa = PBXTargetDependency;
			target = 400C55302BCD66F30070B1A4 /* toDoList */;
			targetProxy = 400C554C2BCD66F50070B1A4 /* PBXContainerItemProxy */;
		};
/* End PBXTargetDependency section */

/* Begin XCBuildConfiguration section */
		400C55532BCD66F50070B1A4 /* Debug */ = {
			isa = XCBuildConfiguration;
			buildSettings = {
				ALWAYS_SEARCH_USER_PATHS = NO;
				ASSETCATALOG_COMPILER_GENERATE_SWIFT_ASSET_SYMBOL_EXTENSIONS = YES;
				CLANG_ANALYZER_NONNULL = YES;
				CLANG_ANALYZER_NUMBER_OBJECT_CONVERSION = YES_AGGRESSIVE;
				CLANG_CXX_LANGUAGE_STANDARD = "gnu++20";
				CLANG_ENABLE_MODULES = YES;
				CLANG_ENABLE_OBJC_ARC = YES;
				CLANG_ENABLE_OBJC_WEAK = YES;
				CLANG_WARN_BLOCK_CAPTURE_AUTORELEASING = YES;
				CLANG_WARN_BOOL_CONVERSION = YES;
				CLANG_WARN_COMMA = YES;
				CLANG_WARN_CONSTANT_CONVERSION = YES;
				CLANG_WARN_DEPRECATED_OBJC_IMPLEMENTATIONS = YES;
				CLANG_WARN_DIRECT_OBJC_ISA_USAGE = YES_ERROR;
				CLANG_WARN_DOCUMENTATION_COMMENTS = YES;
				CLANG_WARN_EMPTY_BODY = YES;
				CLANG_WARN_ENUM_CONVERSION = YES;
				CLANG_WARN_INFINITE_RECURSION = YES;
				CLANG_WARN_INT_CONVERSION = YES;
				CLANG_WARN_NON_LITERAL_NULL_CONVERSION = YES;
				CLANG_WARN_OBJC_IMPLICIT_RETAIN_SELF = YES;
				CLANG_WARN_OBJC_LITERAL_CONVERSION = YES;
				CLANG_WARN_OBJC_ROOT_CLASS = YES_ERROR;
				CLANG_WARN_QUOTED_INCLUDE_IN_FRAMEWORK_HEADER = YES;
				CLANG_WARN_RANGE_LOOP_ANALYSIS = YES;
				CLANG_WARN_STRICT_PROTOTYPES = YES;
				CLANG_WARN_SUSPICIOUS_MOVE = YES;
				CLANG_WARN_UNGUARDED_AVAILABILITY = YES_AGGRESSIVE;
				CLANG_WARN_UNREACHABLE_CODE = YES;
				CLANG_WARN__DUPLICATE_METHOD_MATCH = YES;
				COPY_PHASE_STRIP = NO;
				DEBUG_INFORMATION_FORMAT = dwarf;
				ENABLE_STRICT_OBJC_MSGSEND = YES;
				ENABLE_TESTABILITY = YES;
				ENABLE_USER_SCRIPT_SANDBOXING = YES;
				GCC_C_LANGUAGE_STANDARD = gnu17;
				GCC_DYNAMIC_NO_PIC = NO;
				GCC_NO_COMMON_BLOCKS = YES;
				GCC_OPTIMIZATION_LEVEL = 0;
				GCC_PREPROCESSOR_DEFINITIONS = (
					"DEBUG=1",
					"$(inherited)",
				);
				GCC_WARN_64_TO_32_BIT_CONVERSION = YES;
				GCC_WARN_ABOUT_RETURN_TYPE = YES_ERROR;
				GCC_WARN_UNDECLARED_SELECTOR = YES;
				GCC_WARN_UNINITIALIZED_AUTOS = YES_AGGRESSIVE;
				GCC_WARN_UNUSED_FUNCTION = YES;
				GCC_WARN_UNUSED_VARIABLE = YES;
				IPHONEOS_DEPLOYMENT_TARGET = 17.4;
				LOCALIZATION_PREFERS_STRING_CATALOGS = YES;
				MTL_ENABLE_DEBUG_INFO = INCLUDE_SOURCE;
				MTL_FAST_MATH = YES;
				ONLY_ACTIVE_ARCH = YES;
				SDKROOT = iphoneos;
				SWIFT_ACTIVE_COMPILATION_CONDITIONS = "DEBUG $(inherited)";
				SWIFT_OPTIMIZATION_LEVEL = "-Onone";
			};
			name = Debug;
		};
		400C55542BCD66F50070B1A4 /* Release */ = {
			isa = XCBuildConfiguration;
			buildSettings = {
				ALWAYS_SEARCH_USER_PATHS = NO;
				ASSETCATALOG_COMPILER_GENERATE_SWIFT_ASSET_SYMBOL_EXTENSIONS = YES;
				CLANG_ANALYZER_NONNULL = YES;
				CLANG_ANALYZER_NUMBER_OBJECT_CONVERSION = YES_AGGRESSIVE;
				CLANG_CXX_LANGUAGE_STANDARD = "gnu++20";
				CLANG_ENABLE_MODULES = YES;
				CLANG_ENABLE_OBJC_ARC = YES;
				CLANG_ENABLE_OBJC_WEAK = YES;
				CLANG_WARN_BLOCK_CAPTURE_AUTORELEASING = YES;
				CLANG_WARN_BOOL_CONVERSION = YES;
				CLANG_WARN_COMMA = YES;
				CLANG_WARN_CONSTANT_CONVERSION = YES;
				CLANG_WARN_DEPRECATED_OBJC_IMPLEMENTATIONS = YES;
				CLANG_WARN_DIRECT_OBJC_ISA_USAGE = YES_ERROR;
				CLANG_WARN_DOCUMENTATION_COMMENTS = YES;
				CLANG_WARN_EMPTY_BODY = YES;
				CLANG_WARN_ENUM_CONVERSION = YES;
				CLANG_WARN_INFINITE_RECURSION = YES;
				CLANG_WARN_INT_CONVERSION = YES;
				CLANG_WARN_NON_LITERAL_NULL_CONVERSION = YES;
				CLANG_WARN_OBJC_IMPLICIT_RETAIN_SELF = YES;
				CLANG_WARN_OBJC_LITERAL_CONVERSION = YES;
				CLANG_WARN_OBJC_ROOT_CLASS = YES_ERROR;
				CLANG_WARN_QUOTED_INCLUDE_IN_FRAMEWORK_HEADER = YES;
				CLANG_WARN_RANGE_LOOP_ANALYSIS = YES;
				CLANG_WARN_STRICT_PROTOTYPES = YES;
				CLANG_WARN_SUSPICIOUS_MOVE = YES;
				CLANG_WARN_UNGUARDED_AVAILABILITY = YES_AGGRESSIVE;
				CLANG_WARN_UNREACHABLE_CODE = YES;
				CLANG_WARN__DUPLICATE_METHOD_MATCH = YES;
				COPY_PHASE_STRIP = NO;
				DEBUG_INFORMATION_FORMAT = "dwarf-with-dsym";
				ENABLE_NS_ASSERTIONS = NO;
				ENABLE_STRICT_OBJC_MSGSEND = YES;
				ENABLE_USER_SCRIPT_SANDBOXING = YES;
				GCC_C_LANGUAGE_STANDARD = gnu17;
				GCC_NO_COMMON_BLOCKS = YES;
				GCC_WARN_64_TO_32_BIT_CONVERSION = YES;
				GCC_WARN_ABOUT_RETURN_TYPE = YES_ERROR;
				GCC_WARN_UNDECLARED_SELECTOR = YES;
				GCC_WARN_UNINITIALIZED_AUTOS = YES_AGGRESSIVE;
				GCC_WARN_UNUSED_FUNCTION = YES;
				GCC_WARN_UNUSED_VARIABLE = YES;
				IPHONEOS_DEPLOYMENT_TARGET = 17.4;
				LOCALIZATION_PREFERS_STRING_CATALOGS = YES;
				MTL_ENABLE_DEBUG_INFO = NO;
				MTL_FAST_MATH = YES;
				SDKROOT = iphoneos;
				SWIFT_COMPILATION_MODE = wholemodule;
				VALIDATE_PRODUCT = YES;
			};
			name = Release;
		};
		400C55562BCD66F50070B1A4 /* Debug */ = {
			isa = XCBuildConfiguration;
			buildSettings = {
				ASSETCATALOG_COMPILER_APPICON_NAME = AppIcon;
				ASSETCATALOG_COMPILER_GLOBAL_ACCENT_COLOR_NAME = AccentColor;
				CODE_SIGN_STYLE = Automatic;
				CURRENT_PROJECT_VERSION = 1.3;
				DEVELOPMENT_ASSET_PATHS = "\"toDoList/Preview Content\"";
				DEVELOPMENT_TEAM = XRBX6Z7278;
				ENABLE_PREVIEWS = YES;
				GENERATE_INFOPLIST_FILE = YES;

				INFOPLIST_KEY_CFBundleDisplayName = Tarar;
				INFOPLIST_KEY_LSApplicationCategoryType = "public.app-category.productivity";
				INFOPLIST_KEY_UIApplicationSceneManifest_Generation = YES;
				INFOPLIST_KEY_UIApplicationSupportsIndirectInputEvents = YES;
				INFOPLIST_KEY_UILaunchScreen_Generation = YES;
				INFOPLIST_KEY_UISupportedInterfaceOrientations = UIInterfaceOrientationPortrait;
				LD_RUNPATH_SEARCH_PATHS = (
					"$(inherited)",
					"@executable_path/Frameworks",
				);

				MARKETING_VERSION = 1.3;
				PRODUCT_BUNDLE_IDENTIFIER = Tarartodos;
				PRODUCT_NAME = "$(TARGET_NAME)";
				SUPPORTED_PLATFORMS = "iphoneos iphonesimulator";
				SUPPORTS_MACCATALYST = NO;
				SUPPORTS_MAC_DESIGNED_FOR_IPHONE_IPAD = NO;
				SUPPORTS_XR_DESIGNED_FOR_IPHONE_IPAD = NO;
				SWIFT_EMIT_LOC_STRINGS = YES;
				SWIFT_VERSION = 5.0;
				TARGETED_DEVICE_FAMILY = 1;
			};
			name = Debug;
		};
		400C55572BCD66F50070B1A4 /* Release */ = {
			isa = XCBuildConfiguration;
			buildSettings = {
				ASSETCATALOG_COMPILER_APPICON_NAME = AppIcon;
				ASSETCATALOG_COMPILER_GLOBAL_ACCENT_COLOR_NAME = AccentColor;
				CODE_SIGN_STYLE = Automatic;
				CURRENT_PROJECT_VERSION = 1.3;
				DEVELOPMENT_ASSET_PATHS = "\"toDoList/Preview Content\"";
				DEVELOPMENT_TEAM = XRBX6Z7278;
				ENABLE_PREVIEWS = YES;
				GENERATE_INFOPLIST_FILE = YES;

				INFOPLIST_KEY_CFBundleDisplayName = Tarar;

				INFOPLIST_KEY_LSApplicationCategoryType = "public.app-category.productivity";
				INFOPLIST_KEY_UIApplicationSceneManifest_Generation = YES;
				INFOPLIST_KEY_UIApplicationSupportsIndirectInputEvents = YES;
				INFOPLIST_KEY_UILaunchScreen_Generation = YES;
				INFOPLIST_KEY_UISupportedInterfaceOrientations = UIInterfaceOrientationPortrait;
				LD_RUNPATH_SEARCH_PATHS = (
					"$(inherited)",
					"@executable_path/Frameworks",
				);

				MARKETING_VERSION = 1.3;
				PRODUCT_BUNDLE_IDENTIFIER = Tarartodos;

				PRODUCT_NAME = "$(TARGET_NAME)";
				SUPPORTED_PLATFORMS = "iphoneos iphonesimulator";
				SUPPORTS_MACCATALYST = NO;
				SUPPORTS_MAC_DESIGNED_FOR_IPHONE_IPAD = NO;
				SUPPORTS_XR_DESIGNED_FOR_IPHONE_IPAD = NO;
				SWIFT_EMIT_LOC_STRINGS = YES;
				SWIFT_VERSION = 5.0;
				TARGETED_DEVICE_FAMILY = 1;
			};
			name = Release;
		};
		400C55592BCD66F50070B1A4 /* Debug */ = {
			isa = XCBuildConfiguration;
			buildSettings = {
				ALWAYS_EMBED_SWIFT_STANDARD_LIBRARIES = YES;
				BUNDLE_LOADER = "$(TEST_HOST)";
				CODE_SIGN_STYLE = Automatic;
				CURRENT_PROJECT_VERSION = 1;
				GENERATE_INFOPLIST_FILE = YES;
				IPHONEOS_DEPLOYMENT_TARGET = 17.4;
				MARKETING_VERSION = 1.0;
				PRODUCT_BUNDLE_IDENTIFIER = XOXGroup.toDoListTests;
				PRODUCT_NAME = "$(TARGET_NAME)";
				SWIFT_EMIT_LOC_STRINGS = NO;
				SWIFT_VERSION = 5.0;
				TARGETED_DEVICE_FAMILY = "1,2";
				TEST_HOST = "$(BUILT_PRODUCTS_DIR)/toDoList.app/$(BUNDLE_EXECUTABLE_FOLDER_PATH)/toDoList";
			};
			name = Debug;
		};
		400C555A2BCD66F50070B1A4 /* Release */ = {
			isa = XCBuildConfiguration;
			buildSettings = {
				ALWAYS_EMBED_SWIFT_STANDARD_LIBRARIES = YES;
				BUNDLE_LOADER = "$(TEST_HOST)";
				CODE_SIGN_STYLE = Automatic;
				CURRENT_PROJECT_VERSION = 1;
				GENERATE_INFOPLIST_FILE = YES;
				IPHONEOS_DEPLOYMENT_TARGET = 17.4;
				MARKETING_VERSION = 1.0;
				PRODUCT_BUNDLE_IDENTIFIER = XOXGroup.toDoListTests;
				PRODUCT_NAME = "$(TARGET_NAME)";
				SWIFT_EMIT_LOC_STRINGS = NO;
				SWIFT_VERSION = 5.0;
				TARGETED_DEVICE_FAMILY = "1,2";
				TEST_HOST = "$(BUILT_PRODUCTS_DIR)/toDoList.app/$(BUNDLE_EXECUTABLE_FOLDER_PATH)/toDoList";
			};
			name = Release;
		};
		400C555C2BCD66F50070B1A4 /* Debug */ = {
			isa = XCBuildConfiguration;
			buildSettings = {
				ALWAYS_EMBED_SWIFT_STANDARD_LIBRARIES = YES;
				CODE_SIGN_STYLE = Automatic;
				CURRENT_PROJECT_VERSION = 1;
				GENERATE_INFOPLIST_FILE = YES;
				MARKETING_VERSION = 1.0;
				PRODUCT_BUNDLE_IDENTIFIER = XOXGroup.toDoListUITests;
				PRODUCT_NAME = "$(TARGET_NAME)";
				SWIFT_EMIT_LOC_STRINGS = NO;
				SWIFT_VERSION = 5.0;
				TARGETED_DEVICE_FAMILY = "1,2";
				TEST_TARGET_NAME = toDoList;
			};
			name = Debug;
		};
		400C555D2BCD66F50070B1A4 /* Release */ = {
			isa = XCBuildConfiguration;
			buildSettings = {
				ALWAYS_EMBED_SWIFT_STANDARD_LIBRARIES = YES;
				CODE_SIGN_STYLE = Automatic;
				CURRENT_PROJECT_VERSION = 1;
				GENERATE_INFOPLIST_FILE = YES;
				MARKETING_VERSION = 1.0;
				PRODUCT_BUNDLE_IDENTIFIER = XOXGroup.toDoListUITests;
				PRODUCT_NAME = "$(TARGET_NAME)";
				SWIFT_EMIT_LOC_STRINGS = NO;
				SWIFT_VERSION = 5.0;
				TARGETED_DEVICE_FAMILY = "1,2";
				TEST_TARGET_NAME = toDoList;
			};
			name = Release;
		};
/* End XCBuildConfiguration section */

/* Begin XCConfigurationList section */
		400C552C2BCD66F30070B1A4 /* Build configuration list for PBXProject "toDoList" */ = {
			isa = XCConfigurationList;
			buildConfigurations = (
				400C55532BCD66F50070B1A4 /* Debug */,
				400C55542BCD66F50070B1A4 /* Release */,
			);
			defaultConfigurationIsVisible = 0;
			defaultConfigurationName = Release;
		};
		400C55552BCD66F50070B1A4 /* Build configuration list for PBXNativeTarget "toDoList" */ = {
			isa = XCConfigurationList;
			buildConfigurations = (
				400C55562BCD66F50070B1A4 /* Debug */,
				400C55572BCD66F50070B1A4 /* Release */,
			);
			defaultConfigurationIsVisible = 0;
			defaultConfigurationName = Release;
		};
		400C55582BCD66F50070B1A4 /* Build configuration list for PBXNativeTarget "toDoListTests" */ = {
			isa = XCConfigurationList;
			buildConfigurations = (
				400C55592BCD66F50070B1A4 /* Debug */,
				400C555A2BCD66F50070B1A4 /* Release */,
			);
			defaultConfigurationIsVisible = 0;
			defaultConfigurationName = Release;
		};
		400C555B2BCD66F50070B1A4 /* Build configuration list for PBXNativeTarget "toDoListUITests" */ = {
			isa = XCConfigurationList;
			buildConfigurations = (
				400C555C2BCD66F50070B1A4 /* Debug */,
				400C555D2BCD66F50070B1A4 /* Release */,
			);
			defaultConfigurationIsVisible = 0;
			defaultConfigurationName = Release;
		};
/* End XCConfigurationList section */

/* Begin XCRemoteSwiftPackageReference section */
		400C555E2BCD6BA10070B1A4 /* XCRemoteSwiftPackageReference "firebase-ios-sdk" */ = {
			isa = XCRemoteSwiftPackageReference;
			repositoryURL = "https://github.com/firebase/firebase-ios-sdk";
			requirement = {
				kind = upToNextMajorVersion;
				minimumVersion = 10.24.0;
			};
		};
/* End XCRemoteSwiftPackageReference section */

/* Begin XCSwiftPackageProductDependency section */
		400C555F2BCD6BA10070B1A4 /* FirebaseAuth */ = {
			isa = XCSwiftPackageProductDependency;
			package = 400C555E2BCD6BA10070B1A4 /* XCRemoteSwiftPackageReference "firebase-ios-sdk" */;
			productName = FirebaseAuth;
		};
		400C55612BCD6BA10070B1A4 /* FirebaseFirestore */ = {
			isa = XCSwiftPackageProductDependency;
			package = 400C555E2BCD6BA10070B1A4 /* XCRemoteSwiftPackageReference "firebase-ios-sdk" */;
			productName = FirebaseFirestore;
		};
		400C55632BCD6BA10070B1A4 /* FirebaseFirestoreSwift */ = {
			isa = XCSwiftPackageProductDependency;
			package = 400C555E2BCD6BA10070B1A4 /* XCRemoteSwiftPackageReference "firebase-ios-sdk" */;
			productName = FirebaseFirestoreSwift;
		};
/* End XCSwiftPackageProductDependency section */
	};
	rootObject = 400C55292BCD66F30070B1A4 /* Project object */;
}
